
Microsoft Visual Studio Solution File, Format Version 12.00
# Visual Studio Version 17
VisualStudioVersion = 17.9.34728.123
MinimumVisualStudioVersion = 10.0.40219.1
Project("{FAE04EC0-301F-11D3-BF4B-00C04F79EFBC}") = "EXERCITANDO", "EXERCITANDO\EXERCITANDO.csproj", "{2BC63C4E-D9A4-4BE6-9586-4E03C882A22B}"
EndProject
Global
	GlobalSection(SolutionConfigurationPlatforms) = preSolution
		Debug|Any CPU = Debug|Any CPU
		Release|Any CPU = Release|Any CPU
	EndGlobalSection
	GlobalSection(ProjectConfigurationPlatforms) = postSolution
		{2BC63C4E-D9A4-4BE6-9586-4E03C882A22B}.Debug|Any CPU.ActiveCfg = Debug|Any CPU
		{2BC63C4E-D9A4-4BE6-9586-4E03C882A22B}.Debug|Any CPU.Build.0 = Debug|Any CPU
		{2BC63C4E-D9A4-4BE6-9586-4E03C882A22B}.Release|Any CPU.ActiveCfg = Release|Any CPU
		{2BC63C4E-D9A4-4BE6-9586-4E03C882A22B}.Release|Any CPU.Build.0 = Release|Any CPU
	EndGlobalSection
	GlobalSection(SolutionProperties) = preSolution
		HideSolutionNode = FALSE
	EndGlobalSection
	GlobalSection(ExtensibilityGlobals) = postSolution
		SolutionGuid = {3A3628CF-1292-497E-B8CF-EA8BF183F674}
	EndGlobalSection
EndGlobal
